{
  "name": "xdb",
  "version": "1.0.0",
  "lockfileVersion": 3,
  "requires": true,
  "packages": {
    "": {
      "name": "xdb",
      "version": "1.0.0",
      "hasInstallScript": true,
      "license": "ISC",
      "os": [
        "darwin"
      ],
      "dependencies": {
        "idb": "^7.0.0"
      },
      "engines": {
        "node": ">=14.0.0"
      }
    },
    "node_modules/idb": {
      "version": "7.1.1",
      "resolved": "https://registry.npmjs.org/idb/-/idb-7.1.1.tgz",
      "integrity": "sha512-gchesWBzyvGHRO9W8tzUWFDycow5gwjvFKfyV9FF32Y7F50yZMp7mP+T2mJIWFx49zicqyC4uefHM17o6xKIVQ==",
      "license": "ISC"
    }
  }
}
